
Microsoft Visual Studio Solution File, Format Version 12.00
# Visual Studio 15
VisualStudioVersion = 15.0.27130.2036
MinimumVisualStudioVersion = 10.0.40219.1
Project("{888888A0-9F3D-457C-B088-3A5042F75D52}") = "KaggleCompetitions", "KaggleCompetitions.pyproj", "{978AC0C4-9FA4-42E9-9B78-E1EFFE3C4A58}"
EndProject
Global
	GlobalSection(SolutionConfigurationPlatforms) = preSolution
		Debug|Any CPU = Debug|Any CPU
		Release|Any CPU = Release|Any CPU
	EndGlobalSection
	GlobalSection(ProjectConfigurationPlatforms) = postSolution
		{978AC0C4-9FA4-42E9-9B78-E1EFFE3C4A58}.Debug|Any CPU.ActiveCfg = Debug|Any CPU
		{978AC0C4-9FA4-42E9-9B78-E1EFFE3C4A58}.Release|Any CPU.ActiveCfg = Release|Any CPU
	EndGlobalSection
	GlobalSection(SolutionProperties) = preSolution
		HideSolutionNode = FALSE
	EndGlobalSection
	GlobalSection(ExtensibilityGlobals) = postSolution
		SolutionGuid = {B38FBF2D-0ADC-404D-956F-0A89AA1370E7}
	EndGlobalSection
EndGlobal
